// !$*UTF8*$!
{
	archiveVersion = 1;
	classes = {
	};
	objectVersion = 51;
	objects = {

/* Begin PBXBuildFile section */
		072ED85A2483EA43008F7099 /* NewsListController.m in Sources */ = {isa = PBXBuildFile; fileRef = 072ED8592483EA43008F7099 /* NewsListController.m */; };
		072ED85D2483F349008F7099 /* NewsView.m in Sources */ = {isa = PBXBuildFile; fileRef = 072ED85C2483F349008F7099 /* NewsView.m */; };
		072ED8602483F871008F7099 /* NewsListTableCell.m in Sources */ = {isa = PBXBuildFile; fileRef = 072ED85F2483F871008F7099 /* NewsListTableCell.m */; };
		072ED867248401AC008F7099 /* NewsDetailController.m in Sources */ = {isa = PBXBuildFile; fileRef = 072ED866248401AC008F7099 /* NewsDetailController.m */; };
		072ED86A248401BF008F7099 /* NewsDetailView.m in Sources */ = {isa = PBXBuildFile; fileRef = 072ED869248401BF008F7099 /* NewsDetailView.m */; };
		073601D72471433D0045452D /* AppDelegate.m in Sources */ = {isa = PBXBuildFile; fileRef = 073601D62471433D0045452D /* AppDelegate.m */; };
		073601DA2471433D0045452D /* SceneDelegate.m in Sources */ = {isa = PBXBuildFile; fileRef = 073601D92471433D0045452D /* SceneDelegate.m */; };
		073601E2247143400045452D /* Assets.xcassets in Resources */ = {isa = PBXBuildFile; fileRef = 073601E1247143400045452D /* Assets.xcassets */; };
		073601E5247143400045452D /* LaunchScreen.storyboard in Resources */ = {isa = PBXBuildFile; fileRef = 073601E3247143400045452D /* LaunchScreen.storyboard */; };
		073601E8247143400045452D /* main.m in Sources */ = {isa = PBXBuildFile; fileRef = 073601E7247143400045452D /* main.m */; };
		073601F4247145A70045452D /* CountryListController.m in Sources */ = {isa = PBXBuildFile; fileRef = 073601F3247145A70045452D /* CountryListController.m */; };
		073601F7247148E10045452D /* CountryListView.m in Sources */ = {isa = PBXBuildFile; fileRef = 073601F6247148E10045452D /* CountryListView.m */; };
		073601FC247154E20045452D /* countries.json in Resources */ = {isa = PBXBuildFile; fileRef = 073601F9247154E20045452D /* countries.json */; };
		073601FD247154E20045452D /* cities.json in Resources */ = {isa = PBXBuildFile; fileRef = 073601FA247154E20045452D /* cities.json */; };
		073601FE247154E20045452D /* airports.json in Resources */ = {isa = PBXBuildFile; fileRef = 073601FB247154E20045452D /* airports.json */; };
		07548E3D24AC4E540080D871 /* Favorites.xcdatamodeld in Sources */ = {isa = PBXBuildFile; fileRef = 07548E3B24AC4E540080D871 /* Favorites.xcdatamodeld */; };
		075B1265248512B70015B61A /* PhotoService.m in Sources */ = {isa = PBXBuildFile; fileRef = 075B1264248512B70015B61A /* PhotoService.m */; };
		0760AD0D2484C89F00B200E7 /* NetworkService.m in Sources */ = {isa = PBXBuildFile; fileRef = 0760AD0C2484C89F00B200E7 /* NetworkService.m */; };
		0760AD102484DDCD00B200E7 /* NewsData.m in Sources */ = {isa = PBXBuildFile; fileRef = 0760AD0F2484DDCD00B200E7 /* NewsData.m */; };
		0760AD132484E33700B200E7 /* News.m in Sources */ = {isa = PBXBuildFile; fileRef = 0760AD122484E33700B200E7 /* News.m */; };
		07A7713C247155FB00A0963A /* Country.m in Sources */ = {isa = PBXBuildFile; fileRef = 07A7713B247155FB00A0963A /* Country.m */; };
		07A7713F2471565000A0963A /* City.m in Sources */ = {isa = PBXBuildFile; fileRef = 07A7713E2471565000A0963A /* City.m */; };
		07A77142247156AF00A0963A /* Airport.m in Sources */ = {isa = PBXBuildFile; fileRef = 07A77141247156AF00A0963A /* Airport.m */; };
		07A771452471574800A0963A /* CountryListViewCell.m in Sources */ = {isa = PBXBuildFile; fileRef = 07A771442471574800A0963A /* CountryListViewCell.m */; };
		07A7714B247158DA00A0963A /* DataManager.m in Sources */ = {isa = PBXBuildFile; fileRef = 07A7714A247158DA00A0963A /* DataManager.m */; };
		07A771522471653300A0963A /* CityListController.m in Sources */ = {isa = PBXBuildFile; fileRef = 07A771512471653300A0963A /* CityListController.m */; };
		07A771552471685600A0963A /* CityListView.m in Sources */ = {isa = PBXBuildFile; fileRef = 07A771542471685600A0963A /* CityListView.m */; };
		07A77158247181BB00A0963A /* CityListCell.m in Sources */ = {isa = PBXBuildFile; fileRef = 07A77157247181BB00A0963A /* CityListCell.m */; };
		07A7715F2471856D00A0963A /* AirportListController.m in Sources */ = {isa = PBXBuildFile; fileRef = 07A7715E2471856D00A0963A /* AirportListController.m */; };
		07A771622471882800A0963A /* AirportListView.m in Sources */ = {isa = PBXBuildFile; fileRef = 07A771612471882800A0963A /* AirportListView.m */; };
		07A7716524718A9000A0963A /* AirportCell.m in Sources */ = {isa = PBXBuildFile; fileRef = 07A7716424718A9000A0963A /* AirportCell.m */; };
		07BD666024B195DA003D0819 /* CoreDataStack.m in Sources */ = {isa = PBXBuildFile; fileRef = 07BD665F24B195DA003D0819 /* CoreDataStack.m */; };
		07BD666824B19D21003D0819 /* FavoriteNews+CoreDataClass.m in Sources */ = {isa = PBXBuildFile; fileRef = 07BD666624B19D21003D0819 /* FavoriteNews+CoreDataClass.m */; };
		07BD666924B19D21003D0819 /* FavoriteNews+CoreDataProperties.m in Sources */ = {isa = PBXBuildFile; fileRef = 07BD666724B19D21003D0819 /* FavoriteNews+CoreDataProperties.m */; };
		07D0F82A249FBB2700C7B99F /* SearchResultControllerTableViewController.m in Sources */ = {isa = PBXBuildFile; fileRef = 07D0F829249FBB2700C7B99F /* SearchResultControllerTableViewController.m */; };
		07D0F831249FD18F00C7B99F /* CollectionViewController.m in Sources */ = {isa = PBXBuildFile; fileRef = 07D0F830249FD18F00C7B99F /* CollectionViewController.m */; };
		07D0F835249FDB2200C7B99F /* CollectionViewCell.m in Sources */ = {isa = PBXBuildFile; fileRef = 07D0F834249FDB2200C7B99F /* CollectionViewCell.m */; };
		07EF4DD32497B6BF000BD5C2 /* MapController.m in Sources */ = {isa = PBXBuildFile; fileRef = 07EF4DD22497B6BF000BD5C2 /* MapController.m */; };
		07EF4DDC2497B8D9000BD5C2 /* MapView.m in Sources */ = {isa = PBXBuildFile; fileRef = 07EF4DDB2497B8D9000BD5C2 /* MapView.m */; };
/* End PBXBuildFile section */

/* Begin PBXFileReference section */
		072ED8582483EA43008F7099 /* NewsListController.h */ = {isa = PBXFileReference; lastKnownFileType = sourcecode.c.h; path = NewsListController.h; sourceTree = "<group>"; };
		072ED8592483EA43008F7099 /* NewsListController.m */ = {isa = PBXFileReference; lastKnownFileType = sourcecode.c.objc; path = NewsListController.m; sourceTree = "<group>"; };
		072ED85B2483F349008F7099 /* NewsView.h */ = {isa = PBXFileReference; lastKnownFileType = sourcecode.c.h; path = NewsView.h; sourceTree = "<group>"; };
		072ED85C2483F349008F7099 /* NewsView.m */ = {isa = PBXFileReference; lastKnownFileType = sourcecode.c.objc; path = NewsView.m; sourceTree = "<group>"; };
		072ED85E2483F871008F7099 /* NewsListTableCell.h */ = {isa = PBXFileReference; lastKnownFileType = sourcecode.c.h; path = NewsListTableCell.h; sourceTree = "<group>"; };
		072ED85F2483F871008F7099 /* NewsListTableCell.m */ = {isa = PBXFileReference; lastKnownFileType = sourcecode.c.objc; path = NewsListTableCell.m; sourceTree = "<group>"; };
		072ED865248401AC008F7099 /* NewsDetailController.h */ = {isa = PBXFileReference; lastKnownFileType = sourcecode.c.h; path = NewsDetailController.h; sourceTree = "<group>"; };
		072ED866248401AC008F7099 /* NewsDetailController.m */ = {isa = PBXFileReference; lastKnownFileType = sourcecode.c.objc; path = NewsDetailController.m; sourceTree = "<group>"; };
		072ED868248401BF008F7099 /* NewsDetailView.h */ = {isa = PBXFileReference; lastKnownFileType = sourcecode.c.h; path = NewsDetailView.h; sourceTree = "<group>"; };
		072ED869248401BF008F7099 /* NewsDetailView.m */ = {isa = PBXFileReference; lastKnownFileType = sourcecode.c.objc; path = NewsDetailView.m; sourceTree = "<group>"; };
		073601D22471433D0045452D /* aviaticket.app */ = {isa = PBXFileReference; explicitFileType = wrapper.application; includeInIndex = 0; path = aviaticket.app; sourceTree = BUILT_PRODUCTS_DIR; };
		073601D52471433D0045452D /* AppDelegate.h */ = {isa = PBXFileReference; lastKnownFileType = sourcecode.c.h; name = AppDelegate.h; path = ../AppDelegate.h; sourceTree = "<group>"; };
		073601D62471433D0045452D /* AppDelegate.m */ = {isa = PBXFileReference; lastKnownFileType = sourcecode.c.objc; name = AppDelegate.m; path = ../AppDelegate.m; sourceTree = "<group>"; };
		073601D82471433D0045452D /* SceneDelegate.h */ = {isa = PBXFileReference; lastKnownFileType = sourcecode.c.h; name = SceneDelegate.h; path = ../SceneDelegate.h; sourceTree = "<group>"; };
		073601D92471433D0045452D /* SceneDelegate.m */ = {isa = PBXFileReference; lastKnownFileType = sourcecode.c.objc; name = SceneDelegate.m; path = ../SceneDelegate.m; sourceTree = "<group>"; };
		073601E1247143400045452D /* Assets.xcassets */ = {isa = PBXFileReference; lastKnownFileType = folder.assetcatalog; path = Assets.xcassets; sourceTree = "<group>"; };
		073601E4247143400045452D /* Base */ = {isa = PBXFileReference; lastKnownFileType = file.storyboard; name = Base; path = Base.lproj/LaunchScreen.storyboard; sourceTree = "<group>"; };
		073601E6247143400045452D /* Info.plist */ = {isa = PBXFileReference; lastKnownFileType = text.plist.xml; path = Info.plist; sourceTree = "<group>"; };
		073601E7247143400045452D /* main.m */ = {isa = PBXFileReference; lastKnownFileType = sourcecode.c.objc; path = main.m; sourceTree = "<group>"; };
		073601F2247145A70045452D /* CountryListController.h */ = {isa = PBXFileReference; lastKnownFileType = sourcecode.c.h; path = CountryListController.h; sourceTree = "<group>"; };
		073601F3247145A70045452D /* CountryListController.m */ = {isa = PBXFileReference; lastKnownFileType = sourcecode.c.objc; path = CountryListController.m; sourceTree = "<group>"; };
		073601F5247148E10045452D /* CountryListView.h */ = {isa = PBXFileReference; lastKnownFileType = sourcecode.c.h; path = CountryListView.h; sourceTree = "<group>"; };
		073601F6247148E10045452D /* CountryListView.m */ = {isa = PBXFileReference; lastKnownFileType = sourcecode.c.objc; path = CountryListView.m; sourceTree = "<group>"; };
		073601F9247154E20045452D /* countries.json */ = {isa = PBXFileReference; fileEncoding = 4; lastKnownFileType = text.json; path = countries.json; sourceTree = "<group>"; };
		073601FA247154E20045452D /* cities.json */ = {isa = PBXFileReference; fileEncoding = 4; lastKnownFileType = text.json; path = cities.json; sourceTree = "<group>"; };
		073601FB247154E20045452D /* airports.json */ = {isa = PBXFileReference; fileEncoding = 4; lastKnownFileType = text.json; path = airports.json; sourceTree = "<group>"; };
		07548E3C24AC4E540080D871 /* Favorites.xcdatamodel */ = {isa = PBXFileReference; lastKnownFileType = wrapper.xcdatamodel; path = Favorites.xcdatamodel; sourceTree = "<group>"; };
		075B1263248512B70015B61A /* PhotoService.h */ = {isa = PBXFileReference; lastKnownFileType = sourcecode.c.h; path = PhotoService.h; sourceTree = "<group>"; };
		075B1264248512B70015B61A /* PhotoService.m */ = {isa = PBXFileReference; lastKnownFileType = sourcecode.c.objc; path = PhotoService.m; sourceTree = "<group>"; };
		0760AD0B2484C89F00B200E7 /* NetworkService.h */ = {isa = PBXFileReference; lastKnownFileType = sourcecode.c.h; path = NetworkService.h; sourceTree = "<group>"; };
		0760AD0C2484C89F00B200E7 /* NetworkService.m */ = {isa = PBXFileReference; lastKnownFileType = sourcecode.c.objc; path = NetworkService.m; sourceTree = "<group>"; };
		0760AD0E2484DDB700B200E7 /* NewsData.h */ = {isa = PBXFileReference; lastKnownFileType = sourcecode.c.h; path = NewsData.h; sourceTree = "<group>"; };
		0760AD0F2484DDCD00B200E7 /* NewsData.m */ = {isa = PBXFileReference; lastKnownFileType = sourcecode.c.objc; path = NewsData.m; sourceTree = "<group>"; };
		0760AD112484E33700B200E7 /* News.h */ = {isa = PBXFileReference; lastKnownFileType = sourcecode.c.h; path = News.h; sourceTree = "<group>"; };
		0760AD122484E33700B200E7 /* News.m */ = {isa = PBXFileReference; lastKnownFileType = sourcecode.c.objc; path = News.m; sourceTree = "<group>"; };
		07A7713A247155FB00A0963A /* Country.h */ = {isa = PBXFileReference; lastKnownFileType = sourcecode.c.h; path = Country.h; sourceTree = "<group>"; };
		07A7713B247155FB00A0963A /* Country.m */ = {isa = PBXFileReference; lastKnownFileType = sourcecode.c.objc; path = Country.m; sourceTree = "<group>"; };
		07A7713D2471565000A0963A /* City.h */ = {isa = PBXFileReference; lastKnownFileType = sourcecode.c.h; path = City.h; sourceTree = "<group>"; };
		07A7713E2471565000A0963A /* City.m */ = {isa = PBXFileReference; lastKnownFileType = sourcecode.c.objc; path = City.m; sourceTree = "<group>"; };
		07A77140247156AF00A0963A /* Airport.h */ = {isa = PBXFileReference; lastKnownFileType = sourcecode.c.h; path = Airport.h; sourceTree = "<group>"; };
		07A77141247156AF00A0963A /* Airport.m */ = {isa = PBXFileReference; lastKnownFileType = sourcecode.c.objc; path = Airport.m; sourceTree = "<group>"; };
		07A771432471574800A0963A /* CountryListViewCell.h */ = {isa = PBXFileReference; lastKnownFileType = sourcecode.c.h; path = CountryListViewCell.h; sourceTree = "<group>"; };
		07A771442471574800A0963A /* CountryListViewCell.m */ = {isa = PBXFileReference; lastKnownFileType = sourcecode.c.objc; path = CountryListViewCell.m; sourceTree = "<group>"; };
		07A77149247158DA00A0963A /* DataManager.h */ = {isa = PBXFileReference; lastKnownFileType = sourcecode.c.h; path = DataManager.h; sourceTree = "<group>"; };
		07A7714A247158DA00A0963A /* DataManager.m */ = {isa = PBXFileReference; lastKnownFileType = sourcecode.c.objc; path = DataManager.m; sourceTree = "<group>"; };
		07A771502471653300A0963A /* CityListController.h */ = {isa = PBXFileReference; lastKnownFileType = sourcecode.c.h; path = CityListController.h; sourceTree = "<group>"; };
		07A771512471653300A0963A /* CityListController.m */ = {isa = PBXFileReference; lastKnownFileType = sourcecode.c.objc; path = CityListController.m; sourceTree = "<group>"; };
		07A771532471685600A0963A /* CityListView.h */ = {isa = PBXFileReference; lastKnownFileType = sourcecode.c.h; path = CityListView.h; sourceTree = "<group>"; };
		07A771542471685600A0963A /* CityListView.m */ = {isa = PBXFileReference; lastKnownFileType = sourcecode.c.objc; path = CityListView.m; sourceTree = "<group>"; };
		07A77156247181BB00A0963A /* CityListCell.h */ = {isa = PBXFileReference; lastKnownFileType = sourcecode.c.h; path = CityListCell.h; sourceTree = "<group>"; };
		07A77157247181BB00A0963A /* CityListCell.m */ = {isa = PBXFileReference; lastKnownFileType = sourcecode.c.objc; path = CityListCell.m; sourceTree = "<group>"; };
		07A7715D2471856D00A0963A /* AirportListController.h */ = {isa = PBXFileReference; lastKnownFileType = sourcecode.c.h; path = AirportListController.h; sourceTree = "<group>"; };
		07A7715E2471856D00A0963A /* AirportListController.m */ = {isa = PBXFileReference; lastKnownFileType = sourcecode.c.objc; path = AirportListController.m; sourceTree = "<group>"; };
		07A771602471882800A0963A /* AirportListView.h */ = {isa = PBXFileReference; lastKnownFileType = sourcecode.c.h; path = AirportListView.h; sourceTree = "<group>"; };
		07A771612471882800A0963A /* AirportListView.m */ = {isa = PBXFileReference; lastKnownFileType = sourcecode.c.objc; path = AirportListView.m; sourceTree = "<group>"; };
		07A7716324718A9000A0963A /* AirportCell.h */ = {isa = PBXFileReference; lastKnownFileType = sourcecode.c.h; path = AirportCell.h; sourceTree = "<group>"; };
		07A7716424718A9000A0963A /* AirportCell.m */ = {isa = PBXFileReference; lastKnownFileType = sourcecode.c.objc; path = AirportCell.m; sourceTree = "<group>"; };
		07BD665E24B195DA003D0819 /* CoreDataStack.h */ = {isa = PBXFileReference; lastKnownFileType = sourcecode.c.h; path = CoreDataStack.h; sourceTree = "<group>"; };
		07BD665F24B195DA003D0819 /* CoreDataStack.m */ = {isa = PBXFileReference; lastKnownFileType = sourcecode.c.objc; path = CoreDataStack.m; sourceTree = "<group>"; };
		07BD666424B19D21003D0819 /* FavoriteNews+CoreDataProperties.h */ = {isa = PBXFileReference; lastKnownFileType = sourcecode.c.h; path = "FavoriteNews+CoreDataProperties.h"; sourceTree = "<group>"; };
		07BD666524B19D21003D0819 /* FavoriteNews+CoreDataClass.h */ = {isa = PBXFileReference; lastKnownFileType = sourcecode.c.h; path = "FavoriteNews+CoreDataClass.h"; sourceTree = "<group>"; };
		07BD666624B19D21003D0819 /* FavoriteNews+CoreDataClass.m */ = {isa = PBXFileReference; lastKnownFileType = sourcecode.c.objc; path = "FavoriteNews+CoreDataClass.m"; sourceTree = "<group>"; };
		07BD666724B19D21003D0819 /* FavoriteNews+CoreDataProperties.m */ = {isa = PBXFileReference; lastKnownFileType = sourcecode.c.objc; path = "FavoriteNews+CoreDataProperties.m"; sourceTree = "<group>"; };
		07D0F828249FBB2700C7B99F /* SearchResultControllerTableViewController.h */ = {isa = PBXFileReference; lastKnownFileType = sourcecode.c.h; path = SearchResultControllerTableViewController.h; sourceTree = "<group>"; };
		07D0F829249FBB2700C7B99F /* SearchResultControllerTableViewController.m */ = {isa = PBXFileReference; lastKnownFileType = sourcecode.c.objc; path = SearchResultControllerTableViewController.m; sourceTree = "<group>"; };
		07D0F82F249FD18F00C7B99F /* CollectionViewController.h */ = {isa = PBXFileReference; lastKnownFileType = sourcecode.c.h; path = CollectionViewController.h; sourceTree = "<group>"; };
		07D0F830249FD18F00C7B99F /* CollectionViewController.m */ = {isa = PBXFileReference; lastKnownFileType = sourcecode.c.objc; path = CollectionViewController.m; sourceTree = "<group>"; };
		07D0F833249FDB2200C7B99F /* CollectionViewCell.h */ = {isa = PBXFileReference; lastKnownFileType = sourcecode.c.h; path = CollectionViewCell.h; sourceTree = "<group>"; };
		07D0F834249FDB2200C7B99F /* CollectionViewCell.m */ = {isa = PBXFileReference; lastKnownFileType = sourcecode.c.objc; path = CollectionViewCell.m; sourceTree = "<group>"; };
		07EF4DD12497B6BF000BD5C2 /* MapController.h */ = {isa = PBXFileReference; lastKnownFileType = sourcecode.c.h; path = MapController.h; sourceTree = "<group>"; };
		07EF4DD22497B6BF000BD5C2 /* MapController.m */ = {isa = PBXFileReference; lastKnownFileType = sourcecode.c.objc; path = MapController.m; sourceTree = "<group>"; };
		07EF4DDA2497B8D9000BD5C2 /* MapView.h */ = {isa = PBXFileReference; lastKnownFileType = sourcecode.c.h; path = MapView.h; sourceTree = "<group>"; };
		07EF4DDB2497B8D9000BD5C2 /* MapView.m */ = {isa = PBXFileReference; lastKnownFileType = sourcecode.c.objc; path = MapView.m; sourceTree = "<group>"; };
/* End PBXFileReference section */

/* Begin PBXFrameworksBuildPhase section */
		073601CF2471433D0045452D /* Frameworks */ = {
			isa = PBXFrameworksBuildPhase;
			buildActionMask = 2147483647;
			files = (
			);
			runOnlyForDeploymentPostprocessing = 0;
		};
/* End PBXFrameworksBuildPhase section */

/* Begin PBXGroup section */
		072ED8532483EA08008F7099 /* NewsController */ = {
			isa = PBXGroup;
			children = (
				072ED8562483EA23008F7099 /* Model */,
				072ED8552483EA19008F7099 /* View */,
				072ED8542483EA13008F7099 /* Controller */,
			);
			path = NewsController;
			sourceTree = "<group>";
		};
		072ED8542483EA13008F7099 /* Controller */ = {
			isa = PBXGroup;
			children = (
				072ED8582483EA43008F7099 /* NewsListController.h */,
				072ED8592483EA43008F7099 /* NewsListController.m */,
			);
			path = Controller;
			sourceTree = "<group>";
		};
		072ED8552483EA19008F7099 /* View */ = {
			isa = PBXGroup;
			children = (
				072ED85B2483F349008F7099 /* NewsView.h */,
				072ED85C2483F349008F7099 /* NewsView.m */,
				072ED85E2483F871008F7099 /* NewsListTableCell.h */,
				072ED85F2483F871008F7099 /* NewsListTableCell.m */,
			);
			path = View;
			sourceTree = "<group>";
		};
		072ED8562483EA23008F7099 /* Model */ = {
			isa = PBXGroup;
			children = (
				07BD666424B19D21003D0819 /* FavoriteNews+CoreDataProperties.h */,
				07BD666524B19D21003D0819 /* FavoriteNews+CoreDataClass.h */,
				07BD666624B19D21003D0819 /* FavoriteNews+CoreDataClass.m */,
				07BD666724B19D21003D0819 /* FavoriteNews+CoreDataProperties.m */,
			);
			path = Model;
			sourceTree = "<group>";
		};
		072ED86124840158008F7099 /* NewsDetailController */ = {
			isa = PBXGroup;
			children = (
				072ED86424840176008F7099 /* Model */,
				072ED86324840171008F7099 /* View */,
				072ED8622484016A008F7099 /* Controller */,
			);
			path = NewsDetailController;
			sourceTree = "<group>";
		};
		072ED8622484016A008F7099 /* Controller */ = {
			isa = PBXGroup;
			children = (
				072ED865248401AC008F7099 /* NewsDetailController.h */,
				072ED866248401AC008F7099 /* NewsDetailController.m */,
			);
			path = Controller;
			sourceTree = "<group>";
		};
		072ED86324840171008F7099 /* View */ = {
			isa = PBXGroup;
			children = (
				072ED868248401BF008F7099 /* NewsDetailView.h */,
				072ED869248401BF008F7099 /* NewsDetailView.m */,
			);
			path = View;
			sourceTree = "<group>";
		};
		072ED86424840176008F7099 /* Model */ = {
			isa = PBXGroup;
			children = (
				0760AD112484E33700B200E7 /* News.h */,
				0760AD122484E33700B200E7 /* News.m */,
			);
			path = Model;
			sourceTree = "<group>";
		};
		073601C92471433D0045452D = {
			isa = PBXGroup;
			children = (
				073601D42471433D0045452D /* aviaticket */,
				073601D32471433D0045452D /* Products */,
			);
			sourceTree = "<group>";
		};
		073601D32471433D0045452D /* Products */ = {
			isa = PBXGroup;
			children = (
				073601D22471433D0045452D /* aviaticket.app */,
			);
			name = Products;
			sourceTree = "<group>";
		};
		073601D42471433D0045452D /* aviaticket */ = {
			isa = PBXGroup;
			children = (
				07D0F82B249FD15800C7B99F /* CollectionsController */,
				07EF4DD02497B668000BD5C2 /* MapController */,
				0760AD0A2484C87F00B200E7 /* Helpers */,
				072ED86124840158008F7099 /* NewsDetailController */,
				072ED8532483EA08008F7099 /* NewsController */,
				073601F8247154D00045452D /* Data */,
				07A771592471852B00A0963A /* AirportList */,
				07A7714C247164DE00A0963A /* CityList */,
				073601EE247145510045452D /* CountryList */,
				0762C7CA2471979D002CD502 /* Core */,
				073601E1247143400045452D /* Assets.xcassets */,
				073601E3247143400045452D /* LaunchScreen.storyboard */,
				073601E6247143400045452D /* Info.plist */,
				073601E7247143400045452D /* main.m */,
				07548E3B24AC4E540080D871 /* Favorites.xcdatamodeld */,
			);
			path = aviaticket;
			sourceTree = "<group>";
		};
		073601EE247145510045452D /* CountryList */ = {
			isa = PBXGroup;
			children = (
				073601F12471457E0045452D /* Model */,
				073601F0247145770045452D /* View */,
				073601EF247145710045452D /* Controller */,
			);
			path = CountryList;
			sourceTree = "<group>";
		};
		073601EF247145710045452D /* Controller */ = {
			isa = PBXGroup;
			children = (
				073601F2247145A70045452D /* CountryListController.h */,
				073601F3247145A70045452D /* CountryListController.m */,
				07D0F828249FBB2700C7B99F /* SearchResultControllerTableViewController.h */,
				07D0F829249FBB2700C7B99F /* SearchResultControllerTableViewController.m */,
			);
			path = Controller;
			sourceTree = "<group>";
		};
		073601F0247145770045452D /* View */ = {
			isa = PBXGroup;
			children = (
				073601F5247148E10045452D /* CountryListView.h */,
				073601F6247148E10045452D /* CountryListView.m */,
				07A771432471574800A0963A /* CountryListViewCell.h */,
				07A771442471574800A0963A /* CountryListViewCell.m */,
			);
			path = View;
			sourceTree = "<group>";
		};
		073601F12471457E0045452D /* Model */ = {
			isa = PBXGroup;
			children = (
			);
			path = Model;
			sourceTree = "<group>";
		};
		073601F8247154D00045452D /* Data */ = {
			isa = PBXGroup;
			children = (
				07A77139247155E700A0963A /* Model */,
				07A771372471558300A0963A /* Resources */,
				07A77149247158DA00A0963A /* DataManager.h */,
				07A7714A247158DA00A0963A /* DataManager.m */,
			);
			path = Data;
			sourceTree = "<group>";
		};
		0760AD0A2484C87F00B200E7 /* Helpers */ = {
			isa = PBXGroup;
			children = (
				0760AD0B2484C89F00B200E7 /* NetworkService.h */,
				0760AD0C2484C89F00B200E7 /* NetworkService.m */,
				075B1263248512B70015B61A /* PhotoService.h */,
				075B1264248512B70015B61A /* PhotoService.m */,
				07BD665E24B195DA003D0819 /* CoreDataStack.h */,
				07BD665F24B195DA003D0819 /* CoreDataStack.m */,
			);
			path = Helpers;
			sourceTree = "<group>";
		};
		0762C7CA2471979D002CD502 /* Core */ = {
			isa = PBXGroup;
			children = (
				073601D52471433D0045452D /* AppDelegate.h */,
				073601D62471433D0045452D /* AppDelegate.m */,
				073601D82471433D0045452D /* SceneDelegate.h */,
				073601D92471433D0045452D /* SceneDelegate.m */,
			);
			path = Core;
			sourceTree = "<group>";
		};
		07A771372471558300A0963A /* Resources */ = {
			isa = PBXGroup;
			children = (
				073601F9247154E20045452D /* countries.json */,
				073601FA247154E20045452D /* cities.json */,
				073601FB247154E20045452D /* airports.json */,
			);
			path = Resources;
			sourceTree = "<group>";
		};
		07A77139247155E700A0963A /* Model */ = {
			isa = PBXGroup;
			children = (
				07A7713A247155FB00A0963A /* Country.h */,
				07A7713B247155FB00A0963A /* Country.m */,
				07A7713D2471565000A0963A /* City.h */,
				07A7713E2471565000A0963A /* City.m */,
				07A77140247156AF00A0963A /* Airport.h */,
				07A77141247156AF00A0963A /* Airport.m */,
				0760AD0E2484DDB700B200E7 /* NewsData.h */,
				0760AD0F2484DDCD00B200E7 /* NewsData.m */,
			);
			path = Model;
			sourceTree = "<group>";
		};
		07A7714C247164DE00A0963A /* CityList */ = {
			isa = PBXGroup;
			children = (
				07A7714F247164F800A0963A /* Model */,
				07A7714E247164F300A0963A /* View */,
				07A7714D247164E900A0963A /* Controller */,
			);
			path = CityList;
			sourceTree = "<group>";
		};
		07A7714D247164E900A0963A /* Controller */ = {
			isa = PBXGroup;
			children = (
				07A771502471653300A0963A /* CityListController.h */,
				07A771512471653300A0963A /* CityListController.m */,
			);
			path = Controller;
			sourceTree = "<group>";
		};
		07A7714E247164F300A0963A /* View */ = {
			isa = PBXGroup;
			children = (
				07A771532471685600A0963A /* CityListView.h */,
				07A771542471685600A0963A /* CityListView.m */,
				07A77156247181BB00A0963A /* CityListCell.h */,
				07A77157247181BB00A0963A /* CityListCell.m */,
			);
			path = View;
			sourceTree = "<group>";
		};
		07A7714F247164F800A0963A /* Model */ = {
			isa = PBXGroup;
			children = (
			);
			path = Model;
			sourceTree = "<group>";
		};
		07A771592471852B00A0963A /* AirportList */ = {
			isa = PBXGroup;
			children = (
				07A7715C2471854300A0963A /* Model */,
				07A7715B2471853D00A0963A /* View */,
				07A7715A2471853600A0963A /* Controller */,
			);
			path = AirportList;
			sourceTree = "<group>";
		};
		07A7715A2471853600A0963A /* Controller */ = {
			isa = PBXGroup;
			children = (
				07A7715D2471856D00A0963A /* AirportListController.h */,
				07A7715E2471856D00A0963A /* AirportListController.m */,
			);
			path = Controller;
			sourceTree = "<group>";
		};
		07A7715B2471853D00A0963A /* View */ = {
			isa = PBXGroup;
			children = (
				07A771602471882800A0963A /* AirportListView.h */,
				07A771612471882800A0963A /* AirportListView.m */,
				07A7716324718A9000A0963A /* AirportCell.h */,
				07A7716424718A9000A0963A /* AirportCell.m */,
			);
			path = View;
			sourceTree = "<group>";
		};
		07A7715C2471854300A0963A /* Model */ = {
			isa = PBXGroup;
			children = (
			);
			path = Model;
			sourceTree = "<group>";
		};
		07D0F82B249FD15800C7B99F /* CollectionsController */ = {
			isa = PBXGroup;
			children = (
				07D0F832249FDB1100C7B99F /* View */,
				07D0F82C249FD16900C7B99F /* Controller */,
			);
			path = CollectionsController;
			sourceTree = "<group>";
		};
		07D0F82C249FD16900C7B99F /* Controller */ = {
			isa = PBXGroup;
			children = (
				07D0F82F249FD18F00C7B99F /* CollectionViewController.h */,
				07D0F830249FD18F00C7B99F /* CollectionViewController.m */,
			);
			path = Controller;
			sourceTree = "<group>";
		};
		07D0F832249FDB1100C7B99F /* View */ = {
			isa = PBXGroup;
			children = (
				07D0F833249FDB2200C7B99F /* CollectionViewCell.h */,
				07D0F834249FDB2200C7B99F /* CollectionViewCell.m */,
			);
			path = View;
			sourceTree = "<group>";
		};
		07EF4DD02497B668000BD5C2 /* MapController */ = {
			isa = PBXGroup;
			children = (
				07EF4DD62497B79E000BD5C2 /* Model */,
				07EF4DD52497B793000BD5C2 /* View */,
				07EF4DD42497B6EA000BD5C2 /* Controller */,
			);
			path = MapController;
			sourceTree = "<group>";
		};
		07EF4DD42497B6EA000BD5C2 /* Controller */ = {
			isa = PBXGroup;
			children = (
				07EF4DD12497B6BF000BD5C2 /* MapController.h */,
				07EF4DD22497B6BF000BD5C2 /* MapController.m */,
			);
			path = Controller;
			sourceTree = "<group>";
		};
		07EF4DD52497B793000BD5C2 /* View */ = {
			isa = PBXGroup;
			children = (
				07EF4DDA2497B8D9000BD5C2 /* MapView.h */,
				07EF4DDB2497B8D9000BD5C2 /* MapView.m */,
			);
			path = View;
			sourceTree = "<group>";
		};
		07EF4DD62497B79E000BD5C2 /* Model */ = {
			isa = PBXGroup;
			children = (
			);
			path = Model;
			sourceTree = "<group>";
		};
/* End PBXGroup section */

/* Begin PBXNativeTarget section */
		073601D12471433D0045452D /* aviaticket */ = {
			isa = PBXNativeTarget;
			buildConfigurationList = 073601EB247143400045452D /* Build configuration list for PBXNativeTarget "aviaticket" */;
			buildPhases = (
				073601CE2471433D0045452D /* Sources */,
				073601CF2471433D0045452D /* Frameworks */,
				073601D02471433D0045452D /* Resources */,
			);
			buildRules = (
			);
			dependencies = (
			);
			name = aviaticket;
			productName = aviaticket;
			productReference = 073601D22471433D0045452D /* aviaticket.app */;
			productType = "com.apple.product-type.application";
		};
/* End PBXNativeTarget section */

/* Begin PBXProject section */
		073601CA2471433D0045452D /* Project object */ = {
			isa = PBXProject;
			attributes = {
				LastUpgradeCheck = 1140;
				ORGANIZATIONNAME = "Григорий Мартюшин";
				TargetAttributes = {
					073601D12471433D0045452D = {
						CreatedOnToolsVersion = 11.4.1;
					};
				};
			};
			buildConfigurationList = 073601CD2471433D0045452D /* Build configuration list for PBXProject "aviaticket" */;
			compatibilityVersion = "Xcode 10.0";
			developmentRegion = en;
			hasScannedForEncodings = 0;
			knownRegions = (
				en,
				Base,
			);
			mainGroup = 073601C92471433D0045452D;
			productRefGroup = 073601D32471433D0045452D /* Products */;
			projectDirPath = "";
			projectRoot = "";
			targets = (
				073601D12471433D0045452D /* aviaticket */,
			);
		};
/* End PBXProject section */

/* Begin PBXResourcesBuildPhase section */
		073601D02471433D0045452D /* Resources */ = {
			isa = PBXResourcesBuildPhase;
			buildActionMask = 2147483647;
			files = (
				073601FD247154E20045452D /* cities.json in Resources */,
				073601FC247154E20045452D /* countries.json in Resources */,
				073601E5247143400045452D /* LaunchScreen.storyboard in Resources */,
				073601E2247143400045452D /* Assets.xcassets in Resources */,
				073601FE247154E20045452D /* airports.json in Resources */,
			);
			runOnlyForDeploymentPostprocessing = 0;
		};
/* End PBXResourcesBuildPhase section */

/* Begin PBXSourcesBuildPhase section */
		073601CE2471433D0045452D /* Sources */ = {
			isa = PBXSourcesBuildPhase;
			buildActionMask = 2147483647;
			files = (
				0760AD132484E33700B200E7 /* News.m in Sources */,
				073601F7247148E10045452D /* CountryListView.m in Sources */,
				07A771522471653300A0963A /* CityListController.m in Sources */,
				073601D72471433D0045452D /* AppDelegate.m in Sources */,
				072ED867248401AC008F7099 /* NewsDetailController.m in Sources */,
				07A7715F2471856D00A0963A /* AirportListController.m in Sources */,
				07D0F835249FDB2200C7B99F /* CollectionViewCell.m in Sources */,
				07A771452471574800A0963A /* CountryListViewCell.m in Sources */,
				073601E8247143400045452D /* main.m in Sources */,
				072ED85A2483EA43008F7099 /* NewsListController.m in Sources */,
				072ED8602483F871008F7099 /* NewsListTableCell.m in Sources */,
				075B1265248512B70015B61A /* PhotoService.m in Sources */,
				073601F4247145A70045452D /* CountryListController.m in Sources */,
				07BD666024B195DA003D0819 /* CoreDataStack.m in Sources */,
				07A771622471882800A0963A /* AirportListView.m in Sources */,
				07A7713C247155FB00A0963A /* Country.m in Sources */,
				07A7716524718A9000A0963A /* AirportCell.m in Sources */,
				07A77142247156AF00A0963A /* Airport.m in Sources */,
				07D0F831249FD18F00C7B99F /* CollectionViewController.m in Sources */,
				07548E3D24AC4E540080D871 /* Favorites.xcdatamodeld in Sources */,
				07EF4DDC2497B8D9000BD5C2 /* MapView.m in Sources */,
				072ED86A248401BF008F7099 /* NewsDetailView.m in Sources */,
				07BD666924B19D21003D0819 /* FavoriteNews+CoreDataProperties.m in Sources */,
				0760AD0D2484C89F00B200E7 /* NetworkService.m in Sources */,
				07EF4DD32497B6BF000BD5C2 /* MapController.m in Sources */,
				07A77158247181BB00A0963A /* CityListCell.m in Sources */,
				072ED85D2483F349008F7099 /* NewsView.m in Sources */,
				07A7713F2471565000A0963A /* City.m in Sources */,
				07A771552471685600A0963A /* CityListView.m in Sources */,
				0760AD102484DDCD00B200E7 /* NewsData.m in Sources */,
				07A7714B247158DA00A0963A /* DataManager.m in Sources */,
				07D0F82A249FBB2700C7B99F /* SearchResultControllerTableViewController.m in Sources */,
				073601DA2471433D0045452D /* SceneDelegate.m in Sources */,
				07BD666824B19D21003D0819 /* FavoriteNews+CoreDataClass.m in Sources */,
			);
			runOnlyForDeploymentPostprocessing = 0;
		};
/* End PBXSourcesBuildPhase section */

/* Begin PBXVariantGroup section */
		073601E3247143400045452D /* LaunchScreen.storyboard */ = {
			isa = PBXVariantGroup;
			children = (
				073601E4247143400045452D /* Base */,
			);
			name = LaunchScreen.storyboard;
			sourceTree = "<group>";
		};
/* End PBXVariantGroup section */

/* Begin XCBuildConfiguration section */
		073601E9247143400045452D /* Debug */ = {
			isa = XCBuildConfiguration;
			buildSettings = {
				ALWAYS_SEARCH_USER_PATHS = NO;
				CLANG_ANALYZER_NONNULL = YES;
				CLANG_ANALYZER_NUMBER_OBJECT_CONVERSION = YES_AGGRESSIVE;
				CLANG_CXX_LANGUAGE_STANDARD = "gnu++14";
				CLANG_CXX_LIBRARY = "libc++";
				CLANG_ENABLE_MODULES = YES;
				CLANG_ENABLE_OBJC_ARC = YES;
				CLANG_ENABLE_OBJC_WEAK = YES;
				CLANG_WARN_BLOCK_CAPTURE_AUTORELEASING = YES;
				CLANG_WARN_BOOL_CONVERSION = YES;
				CLANG_WARN_COMMA = YES;
				CLANG_WARN_CONSTANT_CONVERSION = YES;
				CLANG_WARN_DEPRECATED_OBJC_IMPLEMENTATIONS = YES;
				CLANG_WARN_DIRECT_OBJC_ISA_USAGE = YES_ERROR;
				CLANG_WARN_DOCUMENTATION_COMMENTS = YES;
				CLANG_WARN_EMPTY_BODY = YES;
				CLANG_WARN_ENUM_CONVERSION = YES;
				CLANG_WARN_INFINITE_RECURSION = YES;
				CLANG_WARN_INT_CONVERSION = YES;
				CLANG_WARN_NON_LITERAL_NULL_CONVERSION = YES;
				CLANG_WARN_OBJC_IMPLICIT_RETAIN_SELF = YES;
				CLANG_WARN_OBJC_LITERAL_CONVERSION = YES;
				CLANG_WARN_OBJC_ROOT_CLASS = YES_ERROR;
				CLANG_WARN_RANGE_LOOP_ANALYSIS = YES;
				CLANG_WARN_STRICT_PROTOTYPES = YES;
				CLANG_WARN_SUSPICIOUS_MOVE = YES;
				CLANG_WARN_UNGUARDED_AVAILABILITY = YES_AGGRESSIVE;
				CLANG_WARN_UNREACHABLE_CODE = YES;
				CLANG_WARN__DUPLICATE_METHOD_MATCH = YES;
				COPY_PHASE_STRIP = NO;
				DEBUG_INFORMATION_FORMAT = dwarf;
				ENABLE_STRICT_OBJC_MSGSEND = YES;
				ENABLE_TESTABILITY = YES;
				GCC_C_LANGUAGE_STANDARD = gnu11;
				GCC_DYNAMIC_NO_PIC = NO;
				GCC_NO_COMMON_BLOCKS = YES;
				GCC_OPTIMIZATION_LEVEL = 0;
				GCC_PREPROCESSOR_DEFINITIONS = (
					"DEBUG=1",
					"$(inherited)",
				);
				GCC_WARN_64_TO_32_BIT_CONVERSION = YES;
				GCC_WARN_ABOUT_RETURN_TYPE = YES_ERROR;
				GCC_WARN_UNDECLARED_SELECTOR = YES;
				GCC_WARN_UNINITIALIZED_AUTOS = YES_AGGRESSIVE;
				GCC_WARN_UNUSED_FUNCTION = YES;
				GCC_WARN_UNUSED_VARIABLE = YES;
				IPHONEOS_DEPLOYMENT_TARGET = 13.4;
				MTL_ENABLE_DEBUG_INFO = INCLUDE_SOURCE;
				MTL_FAST_MATH = YES;
				ONLY_ACTIVE_ARCH = YES;
				SDKROOT = iphoneos;
			};
			name = Debug;
		};
		073601EA247143400045452D /* Release */ = {
			isa = XCBuildConfiguration;
			buildSettings = {
				ALWAYS_SEARCH_USER_PATHS = NO;
				CLANG_ANALYZER_NONNULL = YES;
				CLANG_ANALYZER_NUMBER_OBJECT_CONVERSION = YES_AGGRESSIVE;
				CLANG_CXX_LANGUAGE_STANDARD = "gnu++14";
				CLANG_CXX_LIBRARY = "libc++";
				CLANG_ENABLE_MODULES = YES;
				CLANG_ENABLE_OBJC_ARC = YES;
				CLANG_ENABLE_OBJC_WEAK = YES;
				CLANG_WARN_BLOCK_CAPTURE_AUTORELEASING = YES;
				CLANG_WARN_BOOL_CONVERSION = YES;
				CLANG_WARN_COMMA = YES;
				CLANG_WARN_CONSTANT_CONVERSION = YES;
				CLANG_WARN_DEPRECATED_OBJC_IMPLEMENTATIONS = YES;
				CLANG_WARN_DIRECT_OBJC_ISA_USAGE = YES_ERROR;
				CLANG_WARN_DOCUMENTATION_COMMENTS = YES;
				CLANG_WARN_EMPTY_BODY = YES;
				CLANG_WARN_ENUM_CONVERSION = YES;
				CLANG_WARN_INFINITE_RECURSION = YES;
				CLANG_WARN_INT_CONVERSION = YES;
				CLANG_WARN_NON_LITERAL_NULL_CONVERSION = YES;
				CLANG_WARN_OBJC_IMPLICIT_RETAIN_SELF = YES;
				CLANG_WARN_OBJC_LITERAL_CONVERSION = YES;
				CLANG_WARN_OBJC_ROOT_CLASS = YES_ERROR;
				CLANG_WARN_RANGE_LOOP_ANALYSIS = YES;
				CLANG_WARN_STRICT_PROTOTYPES = YES;
				CLANG_WARN_SUSPICIOUS_MOVE = YES;
				CLANG_WARN_UNGUARDED_AVAILABILITY = YES_AGGRESSIVE;
				CLANG_WARN_UNREACHABLE_CODE = YES;
				CLANG_WARN__DUPLICATE_METHOD_MATCH = YES;
				COPY_PHASE_STRIP = NO;
				DEBUG_INFORMATION_FORMAT = "dwarf-with-dsym";
				ENABLE_NS_ASSERTIONS = NO;
				ENABLE_STRICT_OBJC_MSGSEND = YES;
				GCC_C_LANGUAGE_STANDARD = gnu11;
				GCC_NO_COMMON_BLOCKS = YES;
				GCC_WARN_64_TO_32_BIT_CONVERSION = YES;
				GCC_WARN_ABOUT_RETURN_TYPE = YES_ERROR;
				GCC_WARN_UNDECLARED_SELECTOR = YES;
				GCC_WARN_UNINITIALIZED_AUTOS = YES_AGGRESSIVE;
				GCC_WARN_UNUSED_FUNCTION = YES;
				GCC_WARN_UNUSED_VARIABLE = YES;
				IPHONEOS_DEPLOYMENT_TARGET = 13.4;
				MTL_ENABLE_DEBUG_INFO = NO;
				MTL_FAST_MATH = YES;
				SDKROOT = iphoneos;
				VALIDATE_PRODUCT = YES;
			};
			name = Release;
		};
		073601EC247143400045452D /* Debug */ = {
			isa = XCBuildConfiguration;
			buildSettings = {
				ASSETCATALOG_COMPILER_APPICON_NAME = AppIcon;
				CODE_SIGN_STYLE = Automatic;
				DEVELOPMENT_TEAM = 4GGD352K79;
				INFOPLIST_FILE = aviaticket/Info.plist;
				LD_RUNPATH_SEARCH_PATHS = (
					"$(inherited)",
					"@executable_path/Frameworks",
				);
				PRODUCT_BUNDLE_IDENTIFIER = com.mclaud.aviaticket;
				PRODUCT_NAME = "$(TARGET_NAME)";
				TARGETED_DEVICE_FAMILY = "1,2";
			};
			name = Debug;
		};
		073601ED247143400045452D /* Release */ = {
			isa = XCBuildConfiguration;
			buildSettings = {
				ASSETCATALOG_COMPILER_APPICON_NAME = AppIcon;
				CODE_SIGN_STYLE = Automatic;
				DEVELOPMENT_TEAM = 4GGD352K79;
				INFOPLIST_FILE = aviaticket/Info.plist;
				LD_RUNPATH_SEARCH_PATHS = (
					"$(inherited)",
					"@executable_path/Frameworks",
				);
				PRODUCT_BUNDLE_IDENTIFIER = com.mclaud.aviaticket;
				PRODUCT_NAME = "$(TARGET_NAME)";
				TARGETED_DEVICE_FAMILY = "1,2";
			};
			name = Release;
		};
/* End XCBuildConfiguration section */

/* Begin XCConfigurationList section */
		073601CD2471433D0045452D /* Build configuration list for PBXProject "aviaticket" */ = {
			isa = XCConfigurationList;
			buildConfigurations = (
				073601E9247143400045452D /* Debug */,
				073601EA247143400045452D /* Release */,
			);
			defaultConfigurationIsVisible = 0;
			defaultConfigurationName = Debug;
		};
		073601EB247143400045452D /* Build configuration list for PBXNativeTarget "aviaticket" */ = {
			isa = XCConfigurationList;
			buildConfigurations = (
				073601EC247143400045452D /* Debug */,
				073601ED247143400045452D /* Release */,
			);
			defaultConfigurationIsVisible = 0;
			defaultConfigurationName = Debug;
		};
/* End XCConfigurationList section */

/* Begin XCVersionGroup section */
		07548E3B24AC4E540080D871 /* Favorites.xcdatamodeld */ = {
			isa = XCVersionGroup;
			children = (
				07548E3C24AC4E540080D871 /* Favorites.xcdatamodel */,
			);
			currentVersion = 07548E3C24AC4E540080D871 /* Favorites.xcdatamodel */;
			path = Favorites.xcdatamodeld;
			sourceTree = "<group>";
			versionGroupType = wrapper.xcdatamodel;
		};
/* End XCVersionGroup section */
	};
	rootObject = 073601CA2471433D0045452D /* Project object */;
}
